# This file is automatically @generated by Cargo.
# It is not intended for manual editing.
[[package]]
name = "croco_lang"
version = "0.1.0"
dependencies = [
 "dyn-clone 1.0.1 (registry+https://github.com/rust-lang/crates.io-index)",
 "unicode-segmentation 1.3.0 (registry+https://github.com/rust-lang/crates.io-index)",
]

[[package]]
name = "dyn-clone"
version = "1.0.1"
source = "registry+https://github.com/rust-lang/crates.io-index"

[[package]]
name = "unicode-segmentation"
version = "1.3.0"
source = "registry+https://github.com/rust-lang/crates.io-index"

[metadata]
"checksum dyn-clone 1.0.1 (registry+https://github.com/rust-lang/crates.io-index)" = "b3ec9c7fb9a2ce708751c98e31ccbae74b6ab194f5c8e30cfb7ed62e38b70866"
"checksum unicode-segmentation 1.3.0 (registry+https://github.com/rust-lang/crates.io-index)" = "1967f4cdfc355b37fd76d2a954fb2ed3871034eb4f26d60537d88795cfc332a9"
